
Microsoft Visual Studio Solution File, Format Version 12.00
# Visual Studio Version 16
VisualStudioVersion = 16.0.30804.86
MinimumVisualStudioVersion = 10.0.40219.1
Project("{FAE04EC0-301F-11D3-BF4B-00C04F79EFBC}") = "WebApplication3", "WebApplication3.csproj", "{74B2AA32-1B52-4881-9C6D-3B30645C4A66}"
EndProject
Global
	GlobalSection(SolutionConfigurationPlatforms) = preSolution
		Debug|Any CPU = Debug|Any CPU
		Release|Any CPU = Release|Any CPU
	EndGlobalSection
	GlobalSection(ProjectConfigurationPlatforms) = postSolution
		{74B2AA32-1B52-4881-9C6D-3B30645C4A66}.Debug|Any CPU.ActiveCfg = Debug|Any CPU
		{74B2AA32-1B52-4881-9C6D-3B30645C4A66}.Debug|Any CPU.Build.0 = Debug|Any CPU
		{74B2AA32-1B52-4881-9C6D-3B30645C4A66}.Release|Any CPU.ActiveCfg = Release|Any CPU
		{74B2AA32-1B52-4881-9C6D-3B30645C4A66}.Release|Any CPU.Build.0 = Release|Any CPU
	EndGlobalSection
	GlobalSection(SolutionProperties) = preSolution
		HideSolutionNode = FALSE
	EndGlobalSection
	GlobalSection(ExtensibilityGlobals) = postSolution
		SolutionGuid = {237894CB-D5B4-447C-B7A0-E696E504EE03}
	EndGlobalSection
EndGlobal
